// !$*UTF8*$!
{
	archiveVersion = 1;
	classes = {
	};
	objectVersion = 50;
	objects = {

/* Begin PBXBuildFile section */
		B9AAE58E268ED2FF00BF9998 /* AppDelegate.swift in Sources */ = {isa = PBXBuildFile; fileRef = B9AAE58D268ED2FF00BF9998 /* AppDelegate.swift */; };
		B9AAE590268ED2FF00BF9998 /* SceneDelegate.swift in Sources */ = {isa = PBXBuildFile; fileRef = B9AAE58F268ED2FF00BF9998 /* SceneDelegate.swift */; };
		B9AAE592268ED2FF00BF9998 /* ViewController.swift in Sources */ = {isa = PBXBuildFile; fileRef = B9AAE591268ED2FF00BF9998 /* ViewController.swift */; };
		B9AAE595268ED2FF00BF9998 /* Main.storyboard in Resources */ = {isa = PBXBuildFile; fileRef = B9AAE593268ED2FF00BF9998 /* Main.storyboard */; };
		B9AAE597268ED30200BF9998 /* Assets.xcassets in Resources */ = {isa = PBXBuildFile; fileRef = B9AAE596268ED30200BF9998 /* Assets.xcassets */; };
		B9AAE59A268ED30200BF9998 /* LaunchScreen.storyboard in Resources */ = {isa = PBXBuildFile; fileRef = B9AAE598268ED30200BF9998 /* LaunchScreen.storyboard */; };
		B9AAE5A2268ED9B300BF9998 /* ContactsViewController.swift in Sources */ = {isa = PBXBuildFile; fileRef = B9AAE5A1268ED9B300BF9998 /* ContactsViewController.swift */; };
		B9AAE5A4268EE43700BF9998 /* ContactsCellTableViewCell.swift in Sources */ = {isa = PBXBuildFile; fileRef = B9AAE5A3268EE43700BF9998 /* ContactsCellTableViewCell.swift */; };
		B9AAE5A6268EE88200BF9998 /* Contact.swift in Sources */ = {isa = PBXBuildFile; fileRef = B9AAE5A5268EE88200BF9998 /* Contact.swift */; };
		B9AAE5A8268F18FC00BF9998 /* ContactDetailsViewController.swift in Sources */ = {isa = PBXBuildFile; fileRef = B9AAE5A7268F18FC00BF9998 /* ContactDetailsViewController.swift */; };
		B9AAE5AB268F33CD00BF9998 /* TextCircle.swift in Sources */ = {isa = PBXBuildFile; fileRef = B9AAE5AA268F33CD00BF9998 /* TextCircle.swift */; };
		B9AAE5AD268FA48B00BF9998 /* DetailsTableViewController.swift in Sources */ = {isa = PBXBuildFile; fileRef = B9AAE5AC268FA48B00BF9998 /* DetailsTableViewController.swift */; };
/* End PBXBuildFile section */

/* Begin PBXFileReference section */
		B9AAE58A268ED2FF00BF9998 /* Assignment2.app */ = {isa = PBXFileReference; explicitFileType = wrapper.application; includeInIndex = 0; path = Assignment2.app; sourceTree = BUILT_PRODUCTS_DIR; };
		B9AAE58D268ED2FF00BF9998 /* AppDelegate.swift */ = {isa = PBXFileReference; lastKnownFileType = sourcecode.swift; path = AppDelegate.swift; sourceTree = "<group>"; };
		B9AAE58F268ED2FF00BF9998 /* SceneDelegate.swift */ = {isa = PBXFileReference; lastKnownFileType = sourcecode.swift; path = SceneDelegate.swift; sourceTree = "<group>"; };
		B9AAE591268ED2FF00BF9998 /* ViewController.swift */ = {isa = PBXFileReference; lastKnownFileType = sourcecode.swift; path = ViewController.swift; sourceTree = "<group>"; };
		B9AAE594268ED2FF00BF9998 /* Base */ = {isa = PBXFileReference; lastKnownFileType = file.storyboard; name = Base; path = Base.lproj/Main.storyboard; sourceTree = "<group>"; };
		B9AAE596268ED30200BF9998 /* Assets.xcassets */ = {isa = PBXFileReference; lastKnownFileType = folder.assetcatalog; path = Assets.xcassets; sourceTree = "<group>"; };
		B9AAE599268ED30200BF9998 /* Base */ = {isa = PBXFileReference; lastKnownFileType = file.storyboard; name = Base; path = Base.lproj/LaunchScreen.storyboard; sourceTree = "<group>"; };
		B9AAE59B268ED30200BF9998 /* Info.plist */ = {isa = PBXFileReference; lastKnownFileType = text.plist.xml; path = Info.plist; sourceTree = "<group>"; };
		B9AAE5A1268ED9B300BF9998 /* ContactsViewController.swift */ = {isa = PBXFileReference; lastKnownFileType = sourcecode.swift; path = ContactsViewController.swift; sourceTree = "<group>"; };
		B9AAE5A3268EE43700BF9998 /* ContactsCellTableViewCell.swift */ = {isa = PBXFileReference; lastKnownFileType = sourcecode.swift; path = ContactsCellTableViewCell.swift; sourceTree = "<group>"; };
		B9AAE5A5268EE88200BF9998 /* Contact.swift */ = {isa = PBXFileReference; lastKnownFileType = sourcecode.swift; path = Contact.swift; sourceTree = "<group>"; };
		B9AAE5A7268F18FC00BF9998 /* ContactDetailsViewController.swift */ = {isa = PBXFileReference; lastKnownFileType = sourcecode.swift; path = ContactDetailsViewController.swift; sourceTree = "<group>"; };
		B9AAE5AA268F33CD00BF9998 /* TextCircle.swift */ = {isa = PBXFileReference; lastKnownFileType = sourcecode.swift; path = TextCircle.swift; sourceTree = "<group>"; };
		B9AAE5AC268FA48B00BF9998 /* DetailsTableViewController.swift */ = {isa = PBXFileReference; lastKnownFileType = sourcecode.swift; path = DetailsTableViewController.swift; sourceTree = "<group>"; };
/* End PBXFileReference section */

/* Begin PBXFrameworksBuildPhase section */
		B9AAE587268ED2FF00BF9998 /* Frameworks */ = {
			isa = PBXFrameworksBuildPhase;
			buildActionMask = 2147483647;
			files = (
			);
			runOnlyForDeploymentPostprocessing = 0;
		};
/* End PBXFrameworksBuildPhase section */

/* Begin PBXGroup section */
		B9AAE581268ED2FF00BF9998 = {
			isa = PBXGroup;
			children = (
				B9AAE5A9268F33B200BF9998 /* Views */,
				B9AAE58C268ED2FF00BF9998 /* Assignment2 */,
				B9AAE58B268ED2FF00BF9998 /* Products */,
			);
			sourceTree = "<group>";
		};
		B9AAE58B268ED2FF00BF9998 /* Products */ = {
			isa = PBXGroup;
			children = (
				B9AAE58A268ED2FF00BF9998 /* Assignment2.app */,
			);
			name = Products;
			sourceTree = "<group>";
		};
		B9AAE58C268ED2FF00BF9998 /* Assignment2 */ = {
			isa = PBXGroup;
			children = (
				B9AAE58D268ED2FF00BF9998 /* AppDelegate.swift */,
				B9AAE58F268ED2FF00BF9998 /* SceneDelegate.swift */,
				B9AAE591268ED2FF00BF9998 /* ViewController.swift */,
				B9AAE593268ED2FF00BF9998 /* Main.storyboard */,
				B9AAE5AC268FA48B00BF9998 /* DetailsTableViewController.swift */,
				B9AAE596268ED30200BF9998 /* Assets.xcassets */,
				B9AAE598268ED30200BF9998 /* LaunchScreen.storyboard */,
				B9AAE59B268ED30200BF9998 /* Info.plist */,
				B9AAE5A1268ED9B300BF9998 /* ContactsViewController.swift */,
				B9AAE5A3268EE43700BF9998 /* ContactsCellTableViewCell.swift */,
				B9AAE5A5268EE88200BF9998 /* Contact.swift */,
				B9AAE5A7268F18FC00BF9998 /* ContactDetailsViewController.swift */,
			);
			path = Assignment2;
			sourceTree = "<group>";
		};
		B9AAE5A9268F33B200BF9998 /* Views */ = {
			isa = PBXGroup;
			children = (
				B9AAE5AA268F33CD00BF9998 /* TextCircle.swift */,
			);
			path = Views;
			sourceTree = "<group>";
		};
/* End PBXGroup section */

/* Begin PBXNativeTarget section */
		B9AAE589268ED2FF00BF9998 /* Assignment2 */ = {
			isa = PBXNativeTarget;
			buildConfigurationList = B9AAE59E268ED30200BF9998 /* Build configuration list for PBXNativeTarget "Assignment2" */;
			buildPhases = (
				B9AAE586268ED2FF00BF9998 /* Sources */,
				B9AAE587268ED2FF00BF9998 /* Frameworks */,
				B9AAE588268ED2FF00BF9998 /* Resources */,
			);
			buildRules = (
			);
			dependencies = (
			);
			name = Assignment2;
			productName = Assignment2;
			productReference = B9AAE58A268ED2FF00BF9998 /* Assignment2.app */;
			productType = "com.apple.product-type.application";
		};
/* End PBXNativeTarget section */

/* Begin PBXProject section */
		B9AAE582268ED2FF00BF9998 /* Project object */ = {
			isa = PBXProject;
			attributes = {
				LastSwiftUpdateCheck = 1250;
				LastUpgradeCheck = 1250;
				TargetAttributes = {
					B9AAE589268ED2FF00BF9998 = {
						CreatedOnToolsVersion = 12.5.1;
					};
				};
			};
			buildConfigurationList = B9AAE585268ED2FF00BF9998 /* Build configuration list for PBXProject "Assignment2" */;
			compatibilityVersion = "Xcode 9.3";
			developmentRegion = en;
			hasScannedForEncodings = 0;
			knownRegions = (
				en,
				Base,
			);
			mainGroup = B9AAE581268ED2FF00BF9998;
			productRefGroup = B9AAE58B268ED2FF00BF9998 /* Products */;
			projectDirPath = "";
			projectRoot = "";
			targets = (
				B9AAE589268ED2FF00BF9998 /* Assignment2 */,
			);
		};
/* End PBXProject section */

/* Begin PBXResourcesBuildPhase section */
		B9AAE588268ED2FF00BF9998 /* Resources */ = {
			isa = PBXResourcesBuildPhase;
			buildActionMask = 2147483647;
			files = (
				B9AAE59A268ED30200BF9998 /* LaunchScreen.storyboard in Resources */,
				B9AAE597268ED30200BF9998 /* Assets.xcassets in Resources */,
				B9AAE595268ED2FF00BF9998 /* Main.storyboard in Resources */,
			);
			runOnlyForDeploymentPostprocessing = 0;
		};
/* End PBXResourcesBuildPhase section */

/* Begin PBXSourcesBuildPhase section */
		B9AAE586268ED2FF00BF9998 /* Sources */ = {
			isa = PBXSourcesBuildPhase;
			buildActionMask = 2147483647;
			files = (
				B9AAE5A6268EE88200BF9998 /* Contact.swift in Sources */,
				B9AAE5A8268F18FC00BF9998 /* ContactDetailsViewController.swift in Sources */,
				B9AAE5AB268F33CD00BF9998 /* TextCircle.swift in Sources */,
				B9AAE592268ED2FF00BF9998 /* ViewController.swift in Sources */,
				B9AAE5AD268FA48B00BF9998 /* DetailsTableViewController.swift in Sources */,
				B9AAE5A2268ED9B300BF9998 /* ContactsViewController.swift in Sources */,
				B9AAE58E268ED2FF00BF9998 /* AppDelegate.swift in Sources */,
				B9AAE590268ED2FF00BF9998 /* SceneDelegate.swift in Sources */,
				B9AAE5A4268EE43700BF9998 /* ContactsCellTableViewCell.swift in Sources */,
			);
			runOnlyForDeploymentPostprocessing = 0;
		};
/* End PBXSourcesBuildPhase section */

/* Begin PBXVariantGroup section */
		B9AAE593268ED2FF00BF9998 /* Main.storyboard */ = {
			isa = PBXVariantGroup;
			children = (
				B9AAE594268ED2FF00BF9998 /* Base */,
			);
			name = Main.storyboard;
			sourceTree = "<group>";
		};
		B9AAE598268ED30200BF9998 /* LaunchScreen.storyboard */ = {
			isa = PBXVariantGroup;
			children = (
				B9AAE599268ED30200BF9998 /* Base */,
			);
			name = LaunchScreen.storyboard;
			sourceTree = "<group>";
		};
/* End PBXVariantGroup section */

/* Begin XCBuildConfiguration section */
		B9AAE59C268ED30200BF9998 /* Debug */ = {
			isa = XCBuildConfiguration;
			buildSettings = {
				ALWAYS_SEARCH_USER_PATHS = NO;
				CLANG_ANALYZER_NONNULL = YES;
				CLANG_ANALYZER_NUMBER_OBJECT_CONVERSION = YES_AGGRESSIVE;
				CLANG_CXX_LANGUAGE_STANDARD = "gnu++14";
				CLANG_CXX_LIBRARY = "libc++";
				CLANG_ENABLE_MODULES = YES;
				CLANG_ENABLE_OBJC_ARC = YES;
				CLANG_ENABLE_OBJC_WEAK = YES;
				CLANG_WARN_BLOCK_CAPTURE_AUTORELEASING = YES;
				CLANG_WARN_BOOL_CONVERSION = YES;
				CLANG_WARN_COMMA = YES;
				CLANG_WARN_CONSTANT_CONVERSION = YES;
				CLANG_WARN_DEPRECATED_OBJC_IMPLEMENTATIONS = YES;
				CLANG_WARN_DIRECT_OBJC_ISA_USAGE = YES_ERROR;
				CLANG_WARN_DOCUMENTATION_COMMENTS = YES;
				CLANG_WARN_EMPTY_BODY = YES;
				CLANG_WARN_ENUM_CONVERSION = YES;
				CLANG_WARN_INFINITE_RECURSION = YES;
				CLANG_WARN_INT_CONVERSION = YES;
				CLANG_WARN_NON_LITERAL_NULL_CONVERSION = YES;
				CLANG_WARN_OBJC_IMPLICIT_RETAIN_SELF = YES;
				CLANG_WARN_OBJC_LITERAL_CONVERSION = YES;
				CLANG_WARN_OBJC_ROOT_CLASS = YES_ERROR;
				CLANG_WARN_QUOTED_INCLUDE_IN_FRAMEWORK_HEADER = YES;
				CLANG_WARN_RANGE_LOOP_ANALYSIS = YES;
				CLANG_WARN_STRICT_PROTOTYPES = YES;
				CLANG_WARN_SUSPICIOUS_MOVE = YES;
				CLANG_WARN_UNGUARDED_AVAILABILITY = YES_AGGRESSIVE;
				CLANG_WARN_UNREACHABLE_CODE = YES;
				CLANG_WARN__DUPLICATE_METHOD_MATCH = YES;
				COPY_PHASE_STRIP = NO;
				DEBUG_INFORMATION_FORMAT = dwarf;
				ENABLE_STRICT_OBJC_MSGSEND = YES;
				ENABLE_TESTABILITY = YES;
				GCC_C_LANGUAGE_STANDARD = gnu11;
				GCC_DYNAMIC_NO_PIC = NO;
				GCC_NO_COMMON_BLOCKS = YES;
				GCC_OPTIMIZATION_LEVEL = 0;
				GCC_PREPROCESSOR_DEFINITIONS = (
					"DEBUG=1",
					"$(inherited)",
				);
				GCC_WARN_64_TO_32_BIT_CONVERSION = YES;
				GCC_WARN_ABOUT_RETURN_TYPE = YES_ERROR;
				GCC_WARN_UNDECLARED_SELECTOR = YES;
				GCC_WARN_UNINITIALIZED_AUTOS = YES_AGGRESSIVE;
				GCC_WARN_UNUSED_FUNCTION = YES;
				GCC_WARN_UNUSED_VARIABLE = YES;
				IPHONEOS_DEPLOYMENT_TARGET = 14.5;
				MTL_ENABLE_DEBUG_INFO = INCLUDE_SOURCE;
				MTL_FAST_MATH = YES;
				ONLY_ACTIVE_ARCH = YES;
				SDKROOT = iphoneos;
				SWIFT_ACTIVE_COMPILATION_CONDITIONS = DEBUG;
				SWIFT_OPTIMIZATION_LEVEL = "-Onone";
			};
			name = Debug;
		};
		B9AAE59D268ED30200BF9998 /* Release */ = {
			isa = XCBuildConfiguration;
			buildSettings = {
				ALWAYS_SEARCH_USER_PATHS = NO;
				CLANG_ANALYZER_NONNULL = YES;
				CLANG_ANALYZER_NUMBER_OBJECT_CONVERSION = YES_AGGRESSIVE;
				CLANG_CXX_LANGUAGE_STANDARD = "gnu++14";
				CLANG_CXX_LIBRARY = "libc++";
				CLANG_ENABLE_MODULES = YES;
				CLANG_ENABLE_OBJC_ARC = YES;
				CLANG_ENABLE_OBJC_WEAK = YES;
				CLANG_WARN_BLOCK_CAPTURE_AUTORELEASING = YES;
				CLANG_WARN_BOOL_CONVERSION = YES;
				CLANG_WARN_COMMA = YES;
				CLANG_WARN_CONSTANT_CONVERSION = YES;
				CLANG_WARN_DEPRECATED_OBJC_IMPLEMENTATIONS = YES;
				CLANG_WARN_DIRECT_OBJC_ISA_USAGE = YES_ERROR;
				CLANG_WARN_DOCUMENTATION_COMMENTS = YES;
				CLANG_WARN_EMPTY_BODY = YES;
				CLANG_WARN_ENUM_CONVERSION = YES;
				CLANG_WARN_INFINITE_RECURSION = YES;
				CLANG_WARN_INT_CONVERSION = YES;
				CLANG_WARN_NON_LITERAL_NULL_CONVERSION = YES;
				CLANG_WARN_OBJC_IMPLICIT_RETAIN_SELF = YES;
				CLANG_WARN_OBJC_LITERAL_CONVERSION = YES;
				CLANG_WARN_OBJC_ROOT_CLASS = YES_ERROR;
				CLANG_WARN_QUOTED_INCLUDE_IN_FRAMEWORK_HEADER = YES;
				CLANG_WARN_RANGE_LOOP_ANALYSIS = YES;
				CLANG_WARN_STRICT_PROTOTYPES = YES;
				CLANG_WARN_SUSPICIOUS_MOVE = YES;
				CLANG_WARN_UNGUARDED_AVAILABILITY = YES_AGGRESSIVE;
				CLANG_WARN_UNREACHABLE_CODE = YES;
				CLANG_WARN__DUPLICATE_METHOD_MATCH = YES;
				COPY_PHASE_STRIP = NO;
				DEBUG_INFORMATION_FORMAT = "dwarf-with-dsym";
				ENABLE_NS_ASSERTIONS = NO;
				ENABLE_STRICT_OBJC_MSGSEND = YES;
				GCC_C_LANGUAGE_STANDARD = gnu11;
				GCC_NO_COMMON_BLOCKS = YES;
				GCC_WARN_64_TO_32_BIT_CONVERSION = YES;
				GCC_WARN_ABOUT_RETURN_TYPE = YES_ERROR;
				GCC_WARN_UNDECLARED_SELECTOR = YES;
				GCC_WARN_UNINITIALIZED_AUTOS = YES_AGGRESSIVE;
				GCC_WARN_UNUSED_FUNCTION = YES;
				GCC_WARN_UNUSED_VARIABLE = YES;
				IPHONEOS_DEPLOYMENT_TARGET = 14.5;
				MTL_ENABLE_DEBUG_INFO = NO;
				MTL_FAST_MATH = YES;
				SDKROOT = iphoneos;
				SWIFT_COMPILATION_MODE = wholemodule;
				SWIFT_OPTIMIZATION_LEVEL = "-O";
				VALIDATE_PRODUCT = YES;
			};
			name = Release;
		};
		B9AAE59F268ED30200BF9998 /* Debug */ = {
			isa = XCBuildConfiguration;
			buildSettings = {
				ASSETCATALOG_COMPILER_APPICON_NAME = AppIcon;
				ASSETCATALOG_COMPILER_GLOBAL_ACCENT_COLOR_NAME = AccentColor;
				CODE_SIGN_STYLE = Automatic;
				DEVELOPMENT_TEAM = QX575RRUK3;
				INFOPLIST_FILE = Assignment2/Info.plist;
				LD_RUNPATH_SEARCH_PATHS = (
					"$(inherited)",
					"@executable_path/Frameworks",
				);
				PRODUCT_BUNDLE_IDENTIFIER = Uno.Assignment2;
				PRODUCT_NAME = "$(TARGET_NAME)";
				SWIFT_VERSION = 5.0;
				TARGETED_DEVICE_FAMILY = "1,2";
			};
			name = Debug;
		};
		B9AAE5A0268ED30200BF9998 /* Release */ = {
			isa = XCBuildConfiguration;
			buildSettings = {
				ASSETCATALOG_COMPILER_APPICON_NAME = AppIcon;
				ASSETCATALOG_COMPILER_GLOBAL_ACCENT_COLOR_NAME = AccentColor;
				CODE_SIGN_STYLE = Automatic;
				DEVELOPMENT_TEAM = QX575RRUK3;
				INFOPLIST_FILE = Assignment2/Info.plist;
				LD_RUNPATH_SEARCH_PATHS = (
					"$(inherited)",
					"@executable_path/Frameworks",
				);
				PRODUCT_BUNDLE_IDENTIFIER = Uno.Assignment2;
				PRODUCT_NAME = "$(TARGET_NAME)";
				SWIFT_VERSION = 5.0;
				TARGETED_DEVICE_FAMILY = "1,2";
			};
			name = Release;
		};
/* End XCBuildConfiguration section */

/* Begin XCConfigurationList section */
		B9AAE585268ED2FF00BF9998 /* Build configuration list for PBXProject "Assignment2" */ = {
			isa = XCConfigurationList;
			buildConfigurations = (
				B9AAE59C268ED30200BF9998 /* Debug */,
				B9AAE59D268ED30200BF9998 /* Release */,
			);
			defaultConfigurationIsVisible = 0;
			defaultConfigurationName = Release;
		};
		B9AAE59E268ED30200BF9998 /* Build configuration list for PBXNativeTarget "Assignment2" */ = {
			isa = XCConfigurationList;
			buildConfigurations = (
				B9AAE59F268ED30200BF9998 /* Debug */,
				B9AAE5A0268ED30200BF9998 /* Release */,
			);
			defaultConfigurationIsVisible = 0;
			defaultConfigurationName = Release;
		};
/* End XCConfigurationList section */
	};
	rootObject = B9AAE582268ED2FF00BF9998 /* Project object */;
}
